// !$*UTF8*$!
{
	archiveVersion = 1;
	classes = {
	};
	objectVersion = 50;
	objects = {

/* Begin PBXBuildFile section */
		4102FDAF1B85A8386E5C8673 /* Pods_ShopifyChallenge2.framework in Frameworks */ = {isa = PBXBuildFile; fileRef = E3D952AB7DD4C998FED45B96 /* Pods_ShopifyChallenge2.framework */; };
		DD376AF221E7FCDC008D594D /* AppDelegate.swift in Sources */ = {isa = PBXBuildFile; fileRef = DD376AF121E7FCDC008D594D /* AppDelegate.swift */; };
		DD376AF721E7FCDC008D594D /* Main.storyboard in Resources */ = {isa = PBXBuildFile; fileRef = DD376AF521E7FCDC008D594D /* Main.storyboard */; };
		DD376AFA21E7FCDC008D594D /* ShopifyChallenge2.xcdatamodeld in Sources */ = {isa = PBXBuildFile; fileRef = DD376AF821E7FCDC008D594D /* ShopifyChallenge2.xcdatamodeld */; };
		DD376AFC21E7FCDD008D594D /* Assets.xcassets in Resources */ = {isa = PBXBuildFile; fileRef = DD376AFB21E7FCDD008D594D /* Assets.xcassets */; };
		DD376AFF21E7FCDD008D594D /* LaunchScreen.storyboard in Resources */ = {isa = PBXBuildFile; fileRef = DD376AFD21E7FCDD008D594D /* LaunchScreen.storyboard */; };
		DD376B0721E7FEA9008D594D /* CustomCollectionsTableVC.swift in Sources */ = {isa = PBXBuildFile; fileRef = DD376B0621E7FEA9008D594D /* CustomCollectionsTableVC.swift */; };
		DD376B0921E803F1008D594D /* APIClient.swift in Sources */ = {isa = PBXBuildFile; fileRef = DD376B0821E803F1008D594D /* APIClient.swift */; };
		DD376B1121E80EBD008D594D /* JSONCustomCollection.swift in Sources */ = {isa = PBXBuildFile; fileRef = DD376B1021E80EBD008D594D /* JSONCustomCollection.swift */; };
		DD376B1321E837ED008D594D /* CustomCollectionTableViewCell.swift in Sources */ = {isa = PBXBuildFile; fileRef = DD376B1221E837ED008D594D /* CustomCollectionTableViewCell.swift */; };
		DD376B1521E84D96008D594D /* JSONProduct.swift in Sources */ = {isa = PBXBuildFile; fileRef = DD376B1421E84D96008D594D /* JSONProduct.swift */; };
		DD376B1721E9341D008D594D /* CollectionDetailVC.swift in Sources */ = {isa = PBXBuildFile; fileRef = DD376B1621E9341D008D594D /* CollectionDetailVC.swift */; };
		DD376B1921E93B75008D594D /* CollectionDetailTableViewCell.swift in Sources */ = {isa = PBXBuildFile; fileRef = DD376B1821E93B75008D594D /* CollectionDetailTableViewCell.swift */; };
		DDEFFEB621F2980A00EA3892 /* Constants.swift in Sources */ = {isa = PBXBuildFile; fileRef = DDEFFEB521F2980A00EA3892 /* Constants.swift */; };
/* End PBXBuildFile section */

/* Begin PBXFileReference section */
		1999A5035CB337751CA07FE7 /* Pods-ShopifyChallenge2.release.xcconfig */ = {isa = PBXFileReference; includeInIndex = 1; lastKnownFileType = text.xcconfig; name = "Pods-ShopifyChallenge2.release.xcconfig"; path = "Pods/Target Support Files/Pods-ShopifyChallenge2/Pods-ShopifyChallenge2.release.xcconfig"; sourceTree = "<group>"; };
		B0190E1F93AEC110A336E073 /* Pods-ShopifyChallenge2.debug.xcconfig */ = {isa = PBXFileReference; includeInIndex = 1; lastKnownFileType = text.xcconfig; name = "Pods-ShopifyChallenge2.debug.xcconfig"; path = "Pods/Target Support Files/Pods-ShopifyChallenge2/Pods-ShopifyChallenge2.debug.xcconfig"; sourceTree = "<group>"; };
		DD376AEE21E7FCDC008D594D /* ShopifyChallenge2.app */ = {isa = PBXFileReference; explicitFileType = wrapper.application; includeInIndex = 0; path = ShopifyChallenge2.app; sourceTree = BUILT_PRODUCTS_DIR; };
		DD376AF121E7FCDC008D594D /* AppDelegate.swift */ = {isa = PBXFileReference; lastKnownFileType = sourcecode.swift; path = AppDelegate.swift; sourceTree = "<group>"; };
		DD376AF621E7FCDC008D594D /* Base */ = {isa = PBXFileReference; lastKnownFileType = file.storyboard; name = Base; path = Base.lproj/Main.storyboard; sourceTree = "<group>"; };
		DD376AF921E7FCDC008D594D /* ShopifyChallenge2.xcdatamodel */ = {isa = PBXFileReference; lastKnownFileType = wrapper.xcdatamodel; path = ShopifyChallenge2.xcdatamodel; sourceTree = "<group>"; };
		DD376AFB21E7FCDD008D594D /* Assets.xcassets */ = {isa = PBXFileReference; lastKnownFileType = folder.assetcatalog; path = Assets.xcassets; sourceTree = "<group>"; };
		DD376AFE21E7FCDD008D594D /* Base */ = {isa = PBXFileReference; lastKnownFileType = file.storyboard; name = Base; path = Base.lproj/LaunchScreen.storyboard; sourceTree = "<group>"; };
		DD376B0021E7FCDD008D594D /* Info.plist */ = {isa = PBXFileReference; lastKnownFileType = text.plist.xml; path = Info.plist; sourceTree = "<group>"; };
		DD376B0621E7FEA9008D594D /* CustomCollectionsTableVC.swift */ = {isa = PBXFileReference; lastKnownFileType = sourcecode.swift; path = CustomCollectionsTableVC.swift; sourceTree = "<group>"; };
		DD376B0821E803F1008D594D /* APIClient.swift */ = {isa = PBXFileReference; lastKnownFileType = sourcecode.swift; path = APIClient.swift; sourceTree = "<group>"; };
		DD376B1021E80EBD008D594D /* JSONCustomCollection.swift */ = {isa = PBXFileReference; lastKnownFileType = sourcecode.swift; path = JSONCustomCollection.swift; sourceTree = "<group>"; };
		DD376B1221E837ED008D594D /* CustomCollectionTableViewCell.swift */ = {isa = PBXFileReference; lastKnownFileType = sourcecode.swift; path = CustomCollectionTableViewCell.swift; sourceTree = "<group>"; };
		DD376B1421E84D96008D594D /* JSONProduct.swift */ = {isa = PBXFileReference; lastKnownFileType = sourcecode.swift; path = JSONProduct.swift; sourceTree = "<group>"; };
		DD376B1621E9341D008D594D /* CollectionDetailVC.swift */ = {isa = PBXFileReference; lastKnownFileType = sourcecode.swift; path = CollectionDetailVC.swift; sourceTree = "<group>"; };
		DD376B1821E93B75008D594D /* CollectionDetailTableViewCell.swift */ = {isa = PBXFileReference; lastKnownFileType = sourcecode.swift; path = CollectionDetailTableViewCell.swift; sourceTree = "<group>"; };
		DDEFFEB521F2980A00EA3892 /* Constants.swift */ = {isa = PBXFileReference; lastKnownFileType = sourcecode.swift; path = Constants.swift; sourceTree = "<group>"; };
		E3D952AB7DD4C998FED45B96 /* Pods_ShopifyChallenge2.framework */ = {isa = PBXFileReference; explicitFileType = wrapper.framework; includeInIndex = 0; path = Pods_ShopifyChallenge2.framework; sourceTree = BUILT_PRODUCTS_DIR; };
/* End PBXFileReference section */

/* Begin PBXFrameworksBuildPhase section */
		DD376AEB21E7FCDC008D594D /* Frameworks */ = {
			isa = PBXFrameworksBuildPhase;
			buildActionMask = 2147483647;
			files = (
				4102FDAF1B85A8386E5C8673 /* Pods_ShopifyChallenge2.framework in Frameworks */,
			);
			runOnlyForDeploymentPostprocessing = 0;
		};
/* End PBXFrameworksBuildPhase section */

/* Begin PBXGroup section */
		8D0BB5C3B5FA040E34C9B85F /* Frameworks */ = {
			isa = PBXGroup;
			children = (
				E3D952AB7DD4C998FED45B96 /* Pods_ShopifyChallenge2.framework */,
			);
			name = Frameworks;
			sourceTree = "<group>";
		};
		DD376AE521E7FCDC008D594D = {
			isa = PBXGroup;
			children = (
				DD376AF021E7FCDC008D594D /* ShopifyChallenge2 */,
				DD376AEF21E7FCDC008D594D /* Products */,
				FDB68487411E4CD6C454F8FD /* Pods */,
				8D0BB5C3B5FA040E34C9B85F /* Frameworks */,
			);
			sourceTree = "<group>";
		};
		DD376AEF21E7FCDC008D594D /* Products */ = {
			isa = PBXGroup;
			children = (
				DD376AEE21E7FCDC008D594D /* ShopifyChallenge2.app */,
			);
			name = Products;
			sourceTree = "<group>";
		};
		DD376AF021E7FCDC008D594D /* ShopifyChallenge2 */ = {
			isa = PBXGroup;
			children = (
				DD376B0F21E80DA6008D594D /* Controllers */,
				DD376B0E21E80D9D008D594D /* Models */,
				DD376B0D21E80D95008D594D /* Views */,
				DD376B0C21E80D83008D594D /* Services */,
				DD376B0B21E80D73008D594D /* Storyboards */,
				DD376B0A21E80D61008D594D /* Supporting Files */,
				DD376AF121E7FCDC008D594D /* AppDelegate.swift */,
				DD376B0021E7FCDD008D594D /* Info.plist */,
				DD376AF821E7FCDC008D594D /* ShopifyChallenge2.xcdatamodeld */,
			);
			path = ShopifyChallenge2;
			sourceTree = "<group>";
		};
		DD376B0A21E80D61008D594D /* Supporting Files */ = {
			isa = PBXGroup;
			children = (
				DDEFFEB521F2980A00EA3892 /* Constants.swift */,
			);
			path = "Supporting Files";
			sourceTree = "<group>";
		};
		DD376B0B21E80D73008D594D /* Storyboards */ = {
			isa = PBXGroup;
			children = (
				DD376AFD21E7FCDD008D594D /* LaunchScreen.storyboard */,
				DD376AFB21E7FCDD008D594D /* Assets.xcassets */,
				DD376AF521E7FCDC008D594D /* Main.storyboard */,
			);
			path = Storyboards;
			sourceTree = "<group>";
		};
		DD376B0C21E80D83008D594D /* Services */ = {
			isa = PBXGroup;
			children = (
				DD376B0821E803F1008D594D /* APIClient.swift */,
			);
			path = Services;
			sourceTree = "<group>";
		};
		DD376B0D21E80D95008D594D /* Views */ = {
			isa = PBXGroup;
			children = (
				DD376B1221E837ED008D594D /* CustomCollectionTableViewCell.swift */,
				DD376B1821E93B75008D594D /* CollectionDetailTableViewCell.swift */,
			);
			path = Views;
			sourceTree = "<group>";
		};
		DD376B0E21E80D9D008D594D /* Models */ = {
			isa = PBXGroup;
			children = (
				DD376B1021E80EBD008D594D /* JSONCustomCollection.swift */,
				DD376B1421E84D96008D594D /* JSONProduct.swift */,
			);
			path = Models;
			sourceTree = "<group>";
		};
		DD376B0F21E80DA6008D594D /* Controllers */ = {
			isa = PBXGroup;
			children = (
				DD376B0621E7FEA9008D594D /* CustomCollectionsTableVC.swift */,
				DD376B1621E9341D008D594D /* CollectionDetailVC.swift */,
			);
			path = Controllers;
			sourceTree = "<group>";
		};
		FDB68487411E4CD6C454F8FD /* Pods */ = {
			isa = PBXGroup;
			children = (
				B0190E1F93AEC110A336E073 /* Pods-ShopifyChallenge2.debug.xcconfig */,
				1999A5035CB337751CA07FE7 /* Pods-ShopifyChallenge2.release.xcconfig */,
			);
			name = Pods;
			sourceTree = "<group>";
		};
/* End PBXGroup section */

/* Begin PBXNativeTarget section */
		DD376AED21E7FCDC008D594D /* ShopifyChallenge2 */ = {
			isa = PBXNativeTarget;
			buildConfigurationList = DD376B0321E7FCDD008D594D /* Build configuration list for PBXNativeTarget "ShopifyChallenge2" */;
			buildPhases = (
				763A5EE058D7026F2A546891 /* [CP] Check Pods Manifest.lock */,
				DD376AEA21E7FCDC008D594D /* Sources */,
				DD376AEB21E7FCDC008D594D /* Frameworks */,
				DD376AEC21E7FCDC008D594D /* Resources */,
				EFA9FBEB93B54B73CC773263 /* [CP] Embed Pods Frameworks */,
			);
			buildRules = (
			);
			dependencies = (
			);
			name = ShopifyChallenge2;
			productName = ShopifyChallenge2;
			productReference = DD376AEE21E7FCDC008D594D /* ShopifyChallenge2.app */;
			productType = "com.apple.product-type.application";
		};
/* End PBXNativeTarget section */

/* Begin PBXProject section */
		DD376AE621E7FCDC008D594D /* Project object */ = {
			isa = PBXProject;
			attributes = {
				LastSwiftUpdateCheck = 1010;
				LastUpgradeCheck = 1010;
				ORGANIZATIONNAME = "Ethan D'Mello";
				TargetAttributes = {
					DD376AED21E7FCDC008D594D = {
						CreatedOnToolsVersion = 10.1;
					};
				};
			};
			buildConfigurationList = DD376AE921E7FCDC008D594D /* Build configuration list for PBXProject "ShopifyChallenge2" */;
			compatibilityVersion = "Xcode 9.3";
			developmentRegion = en;
			hasScannedForEncodings = 0;
			knownRegions = (
				en,
				Base,
			);
			mainGroup = DD376AE521E7FCDC008D594D;
			productRefGroup = DD376AEF21E7FCDC008D594D /* Products */;
			projectDirPath = "";
			projectRoot = "";
			targets = (
				DD376AED21E7FCDC008D594D /* ShopifyChallenge2 */,
			);
		};
/* End PBXProject section */

/* Begin PBXResourcesBuildPhase section */
		DD376AEC21E7FCDC008D594D /* Resources */ = {
			isa = PBXResourcesBuildPhase;
			buildActionMask = 2147483647;
			files = (
				DD376AFF21E7FCDD008D594D /* LaunchScreen.storyboard in Resources */,
				DD376AFC21E7FCDD008D594D /* Assets.xcassets in Resources */,
				DD376AF721E7FCDC008D594D /* Main.storyboard in Resources */,
			);
			runOnlyForDeploymentPostprocessing = 0;
		};
/* End PBXResourcesBuildPhase section */

/* Begin PBXShellScriptBuildPhase section */
		763A5EE058D7026F2A546891 /* [CP] Check Pods Manifest.lock */ = {
			isa = PBXShellScriptBuildPhase;
			buildActionMask = 2147483647;
			files = (
			);
			inputPaths = (
				"${PODS_PODFILE_DIR_PATH}/Podfile.lock",
				"${PODS_ROOT}/Manifest.lock",
			);
			name = "[CP] Check Pods Manifest.lock";
			outputPaths = (
				"$(DERIVED_FILE_DIR)/Pods-ShopifyChallenge2-checkManifestLockResult.txt",
			);
			runOnlyForDeploymentPostprocessing = 0;
			shellPath = /bin/sh;
			shellScript = "diff \"${PODS_PODFILE_DIR_PATH}/Podfile.lock\" \"${PODS_ROOT}/Manifest.lock\" > /dev/null\nif [ $? != 0 ] ; then\n    # print error to STDERR\n    echo \"error: The sandbox is not in sync with the Podfile.lock. Run 'pod install' or update your CocoaPods installation.\" >&2\n    exit 1\nfi\n# This output is used by Xcode 'outputs' to avoid re-running this script phase.\necho \"SUCCESS\" > \"${SCRIPT_OUTPUT_FILE_0}\"\n";
			showEnvVarsInLog = 0;
		};
		EFA9FBEB93B54B73CC773263 /* [CP] Embed Pods Frameworks */ = {
			isa = PBXShellScriptBuildPhase;
			buildActionMask = 2147483647;
			files = (
			);
			inputPaths = (
				"${SRCROOT}/Pods/Target Support Files/Pods-ShopifyChallenge2/Pods-ShopifyChallenge2-frameworks.sh",
				"${BUILT_PRODUCTS_DIR}/Alamofire/Alamofire.framework",
				"${BUILT_PRODUCTS_DIR}/Gloss/Gloss.framework",
				"${BUILT_PRODUCTS_DIR}/SwiftyJSON/SwiftyJSON.framework",
			);
			name = "[CP] Embed Pods Frameworks";
			outputPaths = (
				"${TARGET_BUILD_DIR}/${FRAMEWORKS_FOLDER_PATH}/Alamofire.framework",
				"${TARGET_BUILD_DIR}/${FRAMEWORKS_FOLDER_PATH}/Gloss.framework",
				"${TARGET_BUILD_DIR}/${FRAMEWORKS_FOLDER_PATH}/SwiftyJSON.framework",
			);
			runOnlyForDeploymentPostprocessing = 0;
			shellPath = /bin/sh;
			shellScript = "\"${SRCROOT}/Pods/Target Support Files/Pods-ShopifyChallenge2/Pods-ShopifyChallenge2-frameworks.sh\"\n";
			showEnvVarsInLog = 0;
		};
/* End PBXShellScriptBuildPhase section */

/* Begin PBXSourcesBuildPhase section */
		DD376AEA21E7FCDC008D594D /* Sources */ = {
			isa = PBXSourcesBuildPhase;
			buildActionMask = 2147483647;
			files = (
				DD376B1321E837ED008D594D /* CustomCollectionTableViewCell.swift in Sources */,
				DD376B1521E84D96008D594D /* JSONProduct.swift in Sources */,
				DD376AFA21E7FCDC008D594D /* ShopifyChallenge2.xcdatamodeld in Sources */,
				DD376B1721E9341D008D594D /* CollectionDetailVC.swift in Sources */,
				DD376B0721E7FEA9008D594D /* CustomCollectionsTableVC.swift in Sources */,
				DDEFFEB621F2980A00EA3892 /* Constants.swift in Sources */,
				DD376AF221E7FCDC008D594D /* AppDelegate.swift in Sources */,
				DD376B0921E803F1008D594D /* APIClient.swift in Sources */,
				DD376B1121E80EBD008D594D /* JSONCustomCollection.swift in Sources */,
				DD376B1921E93B75008D594D /* CollectionDetailTableViewCell.swift in Sources */,
			);
			runOnlyForDeploymentPostprocessing = 0;
		};
/* End PBXSourcesBuildPhase section */

/* Begin PBXVariantGroup section */
		DD376AF521E7FCDC008D594D /* Main.storyboard */ = {
			isa = PBXVariantGroup;
			children = (
				DD376AF621E7FCDC008D594D /* Base */,
			);
			name = Main.storyboard;
			sourceTree = "<group>";
		};
		DD376AFD21E7FCDD008D594D /* LaunchScreen.storyboard */ = {
			isa = PBXVariantGroup;
			children = (
				DD376AFE21E7FCDD008D594D /* Base */,
			);
			name = LaunchScreen.storyboard;
			sourceTree = "<group>";
		};
/* End PBXVariantGroup section */

/* Begin XCBuildConfiguration section */
		DD376B0121E7FCDD008D594D /* Debug */ = {
			isa = XCBuildConfiguration;
			buildSettings = {
				ALWAYS_SEARCH_USER_PATHS = NO;
				CLANG_ANALYZER_NONNULL = YES;
				CLANG_ANALYZER_NUMBER_OBJECT_CONVERSION = YES_AGGRESSIVE;
				CLANG_CXX_LANGUAGE_STANDARD = "gnu++14";
				CLANG_CXX_LIBRARY = "libc++";
				CLANG_ENABLE_MODULES = YES;
				CLANG_ENABLE_OBJC_ARC = YES;
				CLANG_ENABLE_OBJC_WEAK = YES;
				CLANG_WARN_BLOCK_CAPTURE_AUTORELEASING = YES;
				CLANG_WARN_BOOL_CONVERSION = YES;
				CLANG_WARN_COMMA = YES;
				CLANG_WARN_CONSTANT_CONVERSION = YES;
				CLANG_WARN_DEPRECATED_OBJC_IMPLEMENTATIONS = YES;
				CLANG_WARN_DIRECT_OBJC_ISA_USAGE = YES_ERROR;
				CLANG_WARN_DOCUMENTATION_COMMENTS = YES;
				CLANG_WARN_EMPTY_BODY = YES;
				CLANG_WARN_ENUM_CONVERSION = YES;
				CLANG_WARN_INFINITE_RECURSION = YES;
				CLANG_WARN_INT_CONVERSION = YES;
				CLANG_WARN_NON_LITERAL_NULL_CONVERSION = YES;
				CLANG_WARN_OBJC_IMPLICIT_RETAIN_SELF = YES;
				CLANG_WARN_OBJC_LITERAL_CONVERSION = YES;
				CLANG_WARN_OBJC_ROOT_CLASS = YES_ERROR;
				CLANG_WARN_RANGE_LOOP_ANALYSIS = YES;
				CLANG_WARN_STRICT_PROTOTYPES = YES;
				CLANG_WARN_SUSPICIOUS_MOVE = YES;
				CLANG_WARN_UNGUARDED_AVAILABILITY = YES_AGGRESSIVE;
				CLANG_WARN_UNREACHABLE_CODE = YES;
				CLANG_WARN__DUPLICATE_METHOD_MATCH = YES;
				CODE_SIGN_IDENTITY = "iPhone Developer";
				COPY_PHASE_STRIP = NO;
				DEBUG_INFORMATION_FORMAT = dwarf;
				ENABLE_STRICT_OBJC_MSGSEND = YES;
				ENABLE_TESTABILITY = YES;
				GCC_C_LANGUAGE_STANDARD = gnu11;
				GCC_DYNAMIC_NO_PIC = NO;
				GCC_NO_COMMON_BLOCKS = YES;
				GCC_OPTIMIZATION_LEVEL = 0;
				GCC_PREPROCESSOR_DEFINITIONS = (
					"DEBUG=1",
					"$(inherited)",
				);
				GCC_WARN_64_TO_32_BIT_CONVERSION = YES;
				GCC_WARN_ABOUT_RETURN_TYPE = YES_ERROR;
				GCC_WARN_UNDECLARED_SELECTOR = YES;
				GCC_WARN_UNINITIALIZED_AUTOS = YES_AGGRESSIVE;
				GCC_WARN_UNUSED_FUNCTION = YES;
				GCC_WARN_UNUSED_VARIABLE = YES;
				IPHONEOS_DEPLOYMENT_TARGET = 12.1;
				MTL_ENABLE_DEBUG_INFO = INCLUDE_SOURCE;
				MTL_FAST_MATH = YES;
				ONLY_ACTIVE_ARCH = YES;
				SDKROOT = iphoneos;
				SWIFT_ACTIVE_COMPILATION_CONDITIONS = DEBUG;
				SWIFT_OPTIMIZATION_LEVEL = "-Onone";
			};
			name = Debug;
		};
		DD376B0221E7FCDD008D594D /* Release */ = {
			isa = XCBuildConfiguration;
			buildSettings = {
				ALWAYS_SEARCH_USER_PATHS = NO;
				CLANG_ANALYZER_NONNULL = YES;
				CLANG_ANALYZER_NUMBER_OBJECT_CONVERSION = YES_AGGRESSIVE;
				CLANG_CXX_LANGUAGE_STANDARD = "gnu++14";
				CLANG_CXX_LIBRARY = "libc++";
				CLANG_ENABLE_MODULES = YES;
				CLANG_ENABLE_OBJC_ARC = YES;
				CLANG_ENABLE_OBJC_WEAK = YES;
				CLANG_WARN_BLOCK_CAPTURE_AUTORELEASING = YES;
				CLANG_WARN_BOOL_CONVERSION = YES;
				CLANG_WARN_COMMA = YES;
				CLANG_WARN_CONSTANT_CONVERSION = YES;
				CLANG_WARN_DEPRECATED_OBJC_IMPLEMENTATIONS = YES;
				CLANG_WARN_DIRECT_OBJC_ISA_USAGE = YES_ERROR;
				CLANG_WARN_DOCUMENTATION_COMMENTS = YES;
				CLANG_WARN_EMPTY_BODY = YES;
				CLANG_WARN_ENUM_CONVERSION = YES;
				CLANG_WARN_INFINITE_RECURSION = YES;
				CLANG_WARN_INT_CONVERSION = YES;
				CLANG_WARN_NON_LITERAL_NULL_CONVERSION = YES;
				CLANG_WARN_OBJC_IMPLICIT_RETAIN_SELF = YES;
				CLANG_WARN_OBJC_LITERAL_CONVERSION = YES;
				CLANG_WARN_OBJC_ROOT_CLASS = YES_ERROR;
				CLANG_WARN_RANGE_LOOP_ANALYSIS = YES;
				CLANG_WARN_STRICT_PROTOTYPES = YES;
				CLANG_WARN_SUSPICIOUS_MOVE = YES;
				CLANG_WARN_UNGUARDED_AVAILABILITY = YES_AGGRESSIVE;
				CLANG_WARN_UNREACHABLE_CODE = YES;
				CLANG_WARN__DUPLICATE_METHOD_MATCH = YES;
				CODE_SIGN_IDENTITY = "iPhone Developer";
				COPY_PHASE_STRIP = NO;
				DEBUG_INFORMATION_FORMAT = "dwarf-with-dsym";
				ENABLE_NS_ASSERTIONS = NO;
				ENABLE_STRICT_OBJC_MSGSEND = YES;
				GCC_C_LANGUAGE_STANDARD = gnu11;
				GCC_NO_COMMON_BLOCKS = YES;
				GCC_WARN_64_TO_32_BIT_CONVERSION = YES;
				GCC_WARN_ABOUT_RETURN_TYPE = YES_ERROR;
				GCC_WARN_UNDECLARED_SELECTOR = YES;
				GCC_WARN_UNINITIALIZED_AUTOS = YES_AGGRESSIVE;
				GCC_WARN_UNUSED_FUNCTION = YES;
				GCC_WARN_UNUSED_VARIABLE = YES;
				IPHONEOS_DEPLOYMENT_TARGET = 12.1;
				MTL_ENABLE_DEBUG_INFO = NO;
				MTL_FAST_MATH = YES;
				SDKROOT = iphoneos;
				SWIFT_COMPILATION_MODE = wholemodule;
				SWIFT_OPTIMIZATION_LEVEL = "-O";
				VALIDATE_PRODUCT = YES;
			};
			name = Release;
		};
		DD376B0421E7FCDD008D594D /* Debug */ = {
			isa = XCBuildConfiguration;
			baseConfigurationReference = B0190E1F93AEC110A336E073 /* Pods-ShopifyChallenge2.debug.xcconfig */;
			buildSettings = {
				ASSETCATALOG_COMPILER_APPICON_NAME = AppIcon;
				CODE_SIGN_STYLE = Automatic;
				DEVELOPMENT_TEAM = W699576PYK;
				INFOPLIST_FILE = ShopifyChallenge2/Info.plist;
				LD_RUNPATH_SEARCH_PATHS = (
					"$(inherited)",
					"@executable_path/Frameworks",
				);
				PRODUCT_BUNDLE_IDENTIFIER = "com.ethan-dmello.ShopifyChallenge2";
				PRODUCT_NAME = "$(TARGET_NAME)";
				SWIFT_VERSION = 4.2;
				TARGETED_DEVICE_FAMILY = "1,2";
			};
			name = Debug;
		};
		DD376B0521E7FCDD008D594D /* Release */ = {
			isa = XCBuildConfiguration;
			baseConfigurationReference = 1999A5035CB337751CA07FE7 /* Pods-ShopifyChallenge2.release.xcconfig */;
			buildSettings = {
				ASSETCATALOG_COMPILER_APPICON_NAME = AppIcon;
				CODE_SIGN_STYLE = Automatic;
				DEVELOPMENT_TEAM = W699576PYK;
				INFOPLIST_FILE = ShopifyChallenge2/Info.plist;
				LD_RUNPATH_SEARCH_PATHS = (
					"$(inherited)",
					"@executable_path/Frameworks",
				);
				PRODUCT_BUNDLE_IDENTIFIER = "com.ethan-dmello.ShopifyChallenge2";
				PRODUCT_NAME = "$(TARGET_NAME)";
				SWIFT_VERSION = 4.2;
				TARGETED_DEVICE_FAMILY = "1,2";
			};
			name = Release;
		};
/* End XCBuildConfiguration section */

/* Begin XCConfigurationList section */
		DD376AE921E7FCDC008D594D /* Build configuration list for PBXProject "ShopifyChallenge2" */ = {
			isa = XCConfigurationList;
			buildConfigurations = (
				DD376B0121E7FCDD008D594D /* Debug */,
				DD376B0221E7FCDD008D594D /* Release */,
			);
			defaultConfigurationIsVisible = 0;
			defaultConfigurationName = Release;
		};
		DD376B0321E7FCDD008D594D /* Build configuration list for PBXNativeTarget "ShopifyChallenge2" */ = {
			isa = XCConfigurationList;
			buildConfigurations = (
				DD376B0421E7FCDD008D594D /* Debug */,
				DD376B0521E7FCDD008D594D /* Release */,
			);
			defaultConfigurationIsVisible = 0;
			defaultConfigurationName = Release;
		};
/* End XCConfigurationList section */

/* Begin XCVersionGroup section */
		DD376AF821E7FCDC008D594D /* ShopifyChallenge2.xcdatamodeld */ = {
			isa = XCVersionGroup;
			children = (
				DD376AF921E7FCDC008D594D /* ShopifyChallenge2.xcdatamodel */,
			);
			currentVersion = DD376AF921E7FCDC008D594D /* ShopifyChallenge2.xcdatamodel */;
			path = ShopifyChallenge2.xcdatamodeld;
			sourceTree = "<group>";
			versionGroupType = wrapper.xcdatamodel;
		};
/* End XCVersionGroup section */
	};
	rootObject = DD376AE621E7FCDC008D594D /* Project object */;
}
